
Microsoft Visual Studio Solution File, Format Version 12.00
Project("{FAE04EC0-301F-11D3-BF4B-00C04F79EFBC}") = "Lab2", "Lab2.csproj", "{7DA92038-F762-410B-9E7A-83A931D86E2D}"
EndProject
Global
	GlobalSection(SolutionConfigurationPlatforms) = preSolution
		Debug|Any CPU = Debug|Any CPU
		Release|Any CPU = Release|Any CPU
	EndGlobalSection
	GlobalSection(ProjectConfigurationPlatforms) = postSolution
		{7DA92038-F762-410B-9E7A-83A931D86E2D}.Debug|Any CPU.ActiveCfg = Debug|Any CPU
		{7DA92038-F762-410B-9E7A-83A931D86E2D}.Debug|Any CPU.Build.0 = Debug|Any CPU
		{7DA92038-F762-410B-9E7A-83A931D86E2D}.Release|Any CPU.ActiveCfg = Release|Any CPU
		{7DA92038-F762-410B-9E7A-83A931D86E2D}.Release|Any CPU.Build.0 = Release|Any CPU
	EndGlobalSection
EndGlobal
